
Microsoft Visual Studio Solution File, Format Version 12.00
# Visual Studio Version 17
VisualStudioVersion = 17.7.34018.315
MinimumVisualStudioVersion = 10.0.40219.1
Project("{FAE04EC0-301F-11D3-BF4B-00C04F79EFBC}") = "TransactionAPI", "TransactionAPI\TransactionAPI.csproj", "{D9CB15C8-9C58-41BE-ABA5-BA7A8961643A}"
EndProject
Global
	GlobalSection(SolutionConfigurationPlatforms) = preSolution
		Debug|Any CPU = Debug|Any CPU
		Release|Any CPU = Release|Any CPU
	EndGlobalSection
	GlobalSection(ProjectConfigurationPlatforms) = postSolution
		{D9CB15C8-9C58-41BE-ABA5-BA7A8961643A}.Debug|Any CPU.ActiveCfg = Debug|Any CPU
		{D9CB15C8-9C58-41BE-ABA5-BA7A8961643A}.Debug|Any CPU.Build.0 = Debug|Any CPU
		{D9CB15C8-9C58-41BE-ABA5-BA7A8961643A}.Release|Any CPU.ActiveCfg = Release|Any CPU
		{D9CB15C8-9C58-41BE-ABA5-BA7A8961643A}.Release|Any CPU.Build.0 = Release|Any CPU
	EndGlobalSection
	GlobalSection(SolutionProperties) = preSolution
		HideSolutionNode = FALSE
	EndGlobalSection
	GlobalSection(ExtensibilityGlobals) = postSolution
		SolutionGuid = {59FE6567-080C-4262-95EE-F26451487D99}
	EndGlobalSection
EndGlobal
